
Microsoft Visual Studio Solution File, Format Version 12.00
# Visual Studio Version 17
VisualStudioVersion = 17.4.33213.308
MinimumVisualStudioVersion = 10.0.40219.1
Project("{FAE04EC0-301F-11D3-BF4B-00C04F79EFBC}") = "WindowsFormsApp15", "WindowsFormsApp15\WindowsFormsApp15.csproj", "{F2E62932-40EF-404F-930F-CFC7F8E17615}"
EndProject
Global
	GlobalSection(SolutionConfigurationPlatforms) = preSolution
		Debug|Any CPU = Debug|Any CPU
		Release|Any CPU = Release|Any CPU
	EndGlobalSection
	GlobalSection(ProjectConfigurationPlatforms) = postSolution
		{F2E62932-40EF-404F-930F-CFC7F8E17615}.Debug|Any CPU.ActiveCfg = Debug|Any CPU
		{F2E62932-40EF-404F-930F-CFC7F8E17615}.Debug|Any CPU.Build.0 = Debug|Any CPU
		{F2E62932-40EF-404F-930F-CFC7F8E17615}.Release|Any CPU.ActiveCfg = Release|Any CPU
		{F2E62932-40EF-404F-930F-CFC7F8E17615}.Release|Any CPU.Build.0 = Release|Any CPU
	EndGlobalSection
	GlobalSection(SolutionProperties) = preSolution
		HideSolutionNode = FALSE
	EndGlobalSection
	GlobalSection(ExtensibilityGlobals) = postSolution
		SolutionGuid = {64F07994-3379-4008-B21C-97381B3BCD2F}
	EndGlobalSection
EndGlobal
